[{<<"certifi">>,{pkg,<<"certifi">>,<<"0.7.0">>},2},
 {<<"cowboy">>,{pkg,<<"cowboy">>,<<"1.0.4">>},1},
 {<<"cowlib">>,{pkg,<<"cowlib">>,<<"1.0.2">>},2},
 {<<"dmsl">>,
  {git,"git@github.com:rbkmoney/damsel_erlang.git",
       {ref,"56fb48e6a23471e49a88c0d646680fba14e74d35"}},
  0},
 {<<"dmt">>,
  {git,"git@github.com:rbkmoney/dmt_core.git",
       {ref,"cbcc1d24b8e50afc50a884a829c808d30da1a521"}},
  1},
 {<<"dmt_client">>,
  {git,"git@github.com:rbkmoney/dmt_client.git",
       {ref,"601f7bfb22953dd0603fdda5d44e0b23895a22d0"}},
  0},
 {<<"genlib">>,
  {git,"https://github.com/rbkmoney/genlib.git",
       {ref,"82ff16f4314fc406dd90752467a08fe401b009ef"}},
  0},
 {<<"goldrush">>,{pkg,<<"goldrush">>,<<"0.1.8">>},1},
 {<<"gproc">>,{pkg,<<"gproc">>,<<"0.6.1">>},0},
 {<<"hackney">>,{pkg,<<"hackney">>,<<"1.6.2">>},1},
 {<<"idna">>,{pkg,<<"idna">>,<<"1.2.0">>},2},
 {<<"jsx">>,{pkg,<<"jsx">>,<<"2.8.0">>},1},
 {<<"lager">>,{pkg,<<"lager">>,<<"3.2.1">>},0},
 {<<"lager_logstash_formatter">>,
  {git,"git@github.com:rbkmoney/lager_logstash_formatter.git",
       {ref,"562ec7a42020e2fed4bd80fee9bb585eb634befb"}},
  0},
 {<<"metrics">>,{pkg,<<"metrics">>,<<"1.0.1">>},2},
 {<<"mimerl">>,{pkg,<<"mimerl">>,<<"1.0.2">>},2},
 {<<"ranch">>,{pkg,<<"ranch">>,<<"1.3.2">>},2},
 {<<"rfc3339">>,{pkg,<<"rfc3339">>,<<"0.9.0">>},0},
 {<<"snowflake">>,
  {git,"https://github.com/rbkmoney/snowflake.git",
       {ref,"0a598108f6582affe3b4ae550fc5b9f2062e318a"}},
  1},
 {<<"ssl_verify_fun">>,{pkg,<<"ssl_verify_fun">>,<<"1.1.1">>},2},
 {<<"thrift">>,
  {git,"https://github.com/rbkmoney/thrift_erlang.git",
       {ref,"aca7fca9f1a7161a1324bf5b92f8402c90d0519e"}},
  1},
 {<<"woody">>,
  {git,"git@github.com:rbkmoney/woody_erlang.git",
       {ref,"b5ae9ae3abc8da470f68d2e2ca15ccc606801225"}},
  0}].
